{
  "nodes": {
    "nixpkgs": {
      "locked": {
        "lastModified": 1670461440,
        "narHash": "sha256-jy1LB8HOMKGJEGXgzFRLDU1CBGL0/LlkolgnqIsF0D8=",
        "owner": "NixOS",
        "repo": "nixpkgs",
        "rev": "04a75b2eecc0acf6239acf9dd04485ff8d14f425",
        "type": "github"
      },
      "original": {
        "owner": "NixOS",
        "ref": "nixos-22.11",
        "repo": "nixpkgs",
        "type": "github"
      }
    },
    "nixpkgs-unstable": {
      "locked": {
        "lastModified": 1670424663,
        "narHash": "sha256-jj3Pq8Co7lRem8lF9vqeBTTTs+rX3UjSuebAF+QGezw=",
        "owner": "NixOS",
        "repo": "nixpkgs",
        "rev": "e62dbca3771f42c81dec4e704c09ef110ef3a3f8",
        "type": "github"
      },
      "original": {
        "owner": "NixOS",
        "ref": "nixos-unstable",
        "repo": "nixpkgs",
        "type": "github"
      }
    },
    "root": {
      "inputs": {
        "nixpkgs": "nixpkgs",
        "nixpkgs-unstable": "nixpkgs-unstable"
      }
    }
  },
  "root": "root",
  "version": 7
}
